
Microsoft Visual Studio Solution File, Format Version 12.00
# Visual Studio Version 17
VisualStudioVersion = 17.3.32901.215
MinimumVisualStudioVersion = 10.0.40219.1
Project("{9A19103F-16F7-4668-BE54-9A1E7A4F7556}") = "Stage0", "Stage0\Stage0.csproj", "{F14E38D7-FB4F-41BF-A9C6-5A8393EAE562}"
EndProject
Project("{2150E333-8FDC-42A3-9474-1A3956D46DE8}") = "Solution Items", "Solution Items", "{4F844A82-C9C1-4B9A-AD54-9E7DFC743445}"
	ProjectSection(SolutionItems) = preProject
		README.md = README.md
	EndProjectSection
EndProject
Project("{9A19103F-16F7-4668-BE54-9A1E7A4F7556}") = "DalFacade", "DalFacade\DalFacade.csproj", "{70FF441B-73F2-4D2E-8BD0-476646E8200A}"
EndProject
Project("{9A19103F-16F7-4668-BE54-9A1E7A4F7556}") = "DalList", "DalList\DalList.csproj", "{B60E7CCB-785F-4C58-981A-1A8E4FBE701C}"
EndProject
Project("{9A19103F-16F7-4668-BE54-9A1E7A4F7556}") = "DalTest", "DalTest\DalTest.csproj", "{AB9C4AF0-5194-4280-B9DD-835FC6E79851}"
EndProject
Project("{9A19103F-16F7-4668-BE54-9A1E7A4F7556}") = "BL", "BL\BL.csproj", "{7351D403-94F9-4C4A-83A4-A4ED264BE3F5}"
EndProject
Project("{9A19103F-16F7-4668-BE54-9A1E7A4F7556}") = "BlTest", "BlTest\BlTest.csproj", "{2A4C76C5-D8BF-415A-9AF5-E238962C95B7}"
EndProject
Project("{2150E333-8FDC-42A3-9474-1A3956D46DE8}") = "xml", "xml", "{9B7B781C-5F18-432F-8AD8-61D63E948914}"
	ProjectSection(SolutionItems) = preProject
		xml\dal-config.xml = xml\dal-config.xml
	EndProjectSection
EndProject
Project("{9A19103F-16F7-4668-BE54-9A1E7A4F7556}") = "PL", "PL\PL.csproj", "{A0EF21F6-813C-456A-AB60-81691F438911}"
EndProject
Global
	GlobalSection(SolutionConfigurationPlatforms) = preSolution
		Debug|Any CPU = Debug|Any CPU
		Release|Any CPU = Release|Any CPU
	EndGlobalSection
	GlobalSection(ProjectConfigurationPlatforms) = postSolution
		{F14E38D7-FB4F-41BF-A9C6-5A8393EAE562}.Debug|Any CPU.ActiveCfg = Debug|Any CPU
		{F14E38D7-FB4F-41BF-A9C6-5A8393EAE562}.Debug|Any CPU.Build.0 = Debug|Any CPU
		{F14E38D7-FB4F-41BF-A9C6-5A8393EAE562}.Release|Any CPU.ActiveCfg = Release|Any CPU
		{F14E38D7-FB4F-41BF-A9C6-5A8393EAE562}.Release|Any CPU.Build.0 = Release|Any CPU
		{70FF441B-73F2-4D2E-8BD0-476646E8200A}.Debug|Any CPU.ActiveCfg = Debug|Any CPU
		{70FF441B-73F2-4D2E-8BD0-476646E8200A}.Debug|Any CPU.Build.0 = Debug|Any CPU
		{70FF441B-73F2-4D2E-8BD0-476646E8200A}.Release|Any CPU.ActiveCfg = Release|Any CPU
		{70FF441B-73F2-4D2E-8BD0-476646E8200A}.Release|Any CPU.Build.0 = Release|Any CPU
		{B60E7CCB-785F-4C58-981A-1A8E4FBE701C}.Debug|Any CPU.ActiveCfg = Debug|Any CPU
		{B60E7CCB-785F-4C58-981A-1A8E4FBE701C}.Debug|Any CPU.Build.0 = Debug|Any CPU
		{B60E7CCB-785F-4C58-981A-1A8E4FBE701C}.Release|Any CPU.ActiveCfg = Release|Any CPU
		{B60E7CCB-785F-4C58-981A-1A8E4FBE701C}.Release|Any CPU.Build.0 = Release|Any CPU
		{AB9C4AF0-5194-4280-B9DD-835FC6E79851}.Debug|Any CPU.ActiveCfg = Debug|Any CPU
		{AB9C4AF0-5194-4280-B9DD-835FC6E79851}.Debug|Any CPU.Build.0 = Debug|Any CPU
		{AB9C4AF0-5194-4280-B9DD-835FC6E79851}.Release|Any CPU.ActiveCfg = Release|Any CPU
		{AB9C4AF0-5194-4280-B9DD-835FC6E79851}.Release|Any CPU.Build.0 = Release|Any CPU
		{7351D403-94F9-4C4A-83A4-A4ED264BE3F5}.Debug|Any CPU.ActiveCfg = Debug|Any CPU
		{7351D403-94F9-4C4A-83A4-A4ED264BE3F5}.Debug|Any CPU.Build.0 = Debug|Any CPU
		{7351D403-94F9-4C4A-83A4-A4ED264BE3F5}.Release|Any CPU.ActiveCfg = Release|Any CPU
		{7351D403-94F9-4C4A-83A4-A4ED264BE3F5}.Release|Any CPU.Build.0 = Release|Any CPU
		{2A4C76C5-D8BF-415A-9AF5-E238962C95B7}.Debug|Any CPU.ActiveCfg = Debug|Any CPU
		{2A4C76C5-D8BF-415A-9AF5-E238962C95B7}.Debug|Any CPU.Build.0 = Debug|Any CPU
		{2A4C76C5-D8BF-415A-9AF5-E238962C95B7}.Release|Any CPU.ActiveCfg = Release|Any CPU
		{2A4C76C5-D8BF-415A-9AF5-E238962C95B7}.Release|Any CPU.Build.0 = Release|Any CPU
		{A0EF21F6-813C-456A-AB60-81691F438911}.Debug|Any CPU.ActiveCfg = Debug|Any CPU
		{A0EF21F6-813C-456A-AB60-81691F438911}.Debug|Any CPU.Build.0 = Debug|Any CPU
		{A0EF21F6-813C-456A-AB60-81691F438911}.Release|Any CPU.ActiveCfg = Release|Any CPU
		{A0EF21F6-813C-456A-AB60-81691F438911}.Release|Any CPU.Build.0 = Release|Any CPU
	EndGlobalSection
	GlobalSection(SolutionProperties) = preSolution
		HideSolutionNode = FALSE
	EndGlobalSection
	GlobalSection(ExtensibilityGlobals) = postSolution
		SolutionGuid = {D87F1795-1D24-4B08-B1DF-7192765F88D7}
	EndGlobalSection
EndGlobal
